
Microsoft Visual Studio Solution File, Format Version 12.00
# Visual Studio Version 16
VisualStudioVersion = 16.0.30711.63
MinimumVisualStudioVersion = 10.0.40219.1
Project("{9A19103F-16F7-4668-BE54-9A1E7A4F7556}") = "Covaccin.orm", "Covaccin.orm\Covaccin.orm.csproj", "{33FB7F42-1D08-45B6-AB04-AD6BB1B47A2E}"
EndProject
Project("{FAE04EC0-301F-11D3-BF4B-00C04F79EFBC}") = "Covaccin.web", "Covaccin.web\Covaccin.web.csproj", "{A36E4FD7-6F60-4859-B296-2057B48ED2F8}"
EndProject
Global
	GlobalSection(SolutionConfigurationPlatforms) = preSolution
		Debug|Any CPU = Debug|Any CPU
		Release|Any CPU = Release|Any CPU
	EndGlobalSection
	GlobalSection(ProjectConfigurationPlatforms) = postSolution
		{33FB7F42-1D08-45B6-AB04-AD6BB1B47A2E}.Debug|Any CPU.ActiveCfg = Debug|Any CPU
		{33FB7F42-1D08-45B6-AB04-AD6BB1B47A2E}.Debug|Any CPU.Build.0 = Debug|Any CPU
		{33FB7F42-1D08-45B6-AB04-AD6BB1B47A2E}.Release|Any CPU.ActiveCfg = Release|Any CPU
		{33FB7F42-1D08-45B6-AB04-AD6BB1B47A2E}.Release|Any CPU.Build.0 = Release|Any CPU
		{A36E4FD7-6F60-4859-B296-2057B48ED2F8}.Debug|Any CPU.ActiveCfg = Debug|Any CPU
		{A36E4FD7-6F60-4859-B296-2057B48ED2F8}.Debug|Any CPU.Build.0 = Debug|Any CPU
		{A36E4FD7-6F60-4859-B296-2057B48ED2F8}.Release|Any CPU.ActiveCfg = Release|Any CPU
		{A36E4FD7-6F60-4859-B296-2057B48ED2F8}.Release|Any CPU.Build.0 = Release|Any CPU
	EndGlobalSection
	GlobalSection(SolutionProperties) = preSolution
		HideSolutionNode = FALSE
	EndGlobalSection
	GlobalSection(ExtensibilityGlobals) = postSolution
		SolutionGuid = {E4DE1BF3-C59D-4353-864F-284CBCD87386}
	EndGlobalSection
EndGlobal
